
Microsoft Visual Studio Solution File, Format Version 12.00
# Visual Studio Version 17
VisualStudioVersion = 17.13.35931.197
MinimumVisualStudioVersion = 10.0.40219.1
Project("{FAE04EC0-301F-11D3-BF4B-00C04F79EFBC}") = "CryptoSoft", "CryptoSoft\CryptoSoft.csproj", "{6FA75A70-28E2-4D29-9DFD-4C4033470262}"
EndProject
Project("{FAE04EC0-301F-11D3-BF4B-00C04F79EFBC}") = "EasySave.Maui", "EasySave.Maui\EasySave.Maui.csproj", "{28503742-A069-4DDD-B842-74D5154D8C2D}"
EndProject
Project("{FAE04EC0-301F-11D3-BF4B-00C04F79EFBC}") = "Customer", "Customer\Customer.csproj", "{1C1AFD37-0FF4-4625-AA82-88944FC3B440}"
EndProject
Global
	GlobalSection(SolutionConfigurationPlatforms) = preSolution
		Debug|Any CPU = Debug|Any CPU
		Release|Any CPU = Release|Any CPU
	EndGlobalSection
	GlobalSection(ProjectConfigurationPlatforms) = postSolution
		{6FA75A70-28E2-4D29-9DFD-4C4033470262}.Debug|Any CPU.ActiveCfg = Debug|Any CPU
		{6FA75A70-28E2-4D29-9DFD-4C4033470262}.Debug|Any CPU.Build.0 = Debug|Any CPU
		{6FA75A70-28E2-4D29-9DFD-4C4033470262}.Release|Any CPU.ActiveCfg = Release|Any CPU
		{6FA75A70-28E2-4D29-9DFD-4C4033470262}.Release|Any CPU.Build.0 = Release|Any CPU
		{28503742-A069-4DDD-B842-74D5154D8C2D}.Debug|Any CPU.ActiveCfg = Debug|Any CPU
		{28503742-A069-4DDD-B842-74D5154D8C2D}.Debug|Any CPU.Build.0 = Debug|Any CPU
		{28503742-A069-4DDD-B842-74D5154D8C2D}.Debug|Any CPU.Deploy.0 = Debug|Any CPU
		{28503742-A069-4DDD-B842-74D5154D8C2D}.Release|Any CPU.ActiveCfg = Release|Any CPU
		{28503742-A069-4DDD-B842-74D5154D8C2D}.Release|Any CPU.Build.0 = Release|Any CPU
		{28503742-A069-4DDD-B842-74D5154D8C2D}.Release|Any CPU.Deploy.0 = Release|Any CPU
		{1C1AFD37-0FF4-4625-AA82-88944FC3B440}.Debug|Any CPU.ActiveCfg = Debug|Any CPU
		{1C1AFD37-0FF4-4625-AA82-88944FC3B440}.Debug|Any CPU.Build.0 = Debug|Any CPU
		{1C1AFD37-0FF4-4625-AA82-88944FC3B440}.Debug|Any CPU.Deploy.0 = Debug|Any CPU
		{1C1AFD37-0FF4-4625-AA82-88944FC3B440}.Release|Any CPU.ActiveCfg = Release|Any CPU
		{1C1AFD37-0FF4-4625-AA82-88944FC3B440}.Release|Any CPU.Build.0 = Release|Any CPU
	EndGlobalSection
	GlobalSection(SolutionProperties) = preSolution
		HideSolutionNode = FALSE
	EndGlobalSection
	GlobalSection(ExtensibilityGlobals) = postSolution
		SolutionGuid = {684F9717-C882-4AD3-9CF0-E667E016404B}
	EndGlobalSection
EndGlobal
