
Microsoft Visual Studio Solution File, Format Version 12.00
# Visual Studio Version 17
VisualStudioVersion = 17.13.35931.197
MinimumVisualStudioVersion = 10.0.40219.1
Project("{FAE04EC0-301F-11D3-BF4B-00C04F79EFBC}") = "EasySave.Console", "EasySave.Console\EasySave.Console.csproj", "{25EF4B65-A810-4438-8165-D95B9A129AEE}"
EndProject
Project("{FAE04EC0-301F-11D3-BF4B-00C04F79EFBC}") = "EasySave.Core", "EasySave.Core\EasySave.Core.csproj", "{EC3F6571-8311-4EA6-8F32-AB52EE369EAD}"
EndProject
Project("{FAE04EC0-301F-11D3-BF4B-00C04F79EFBC}") = "EasySave.Logging", "EasySave.Logging\EasySave.Logging.csproj", "{F24B8DC8-F658-4B24-8120-5F2C0943167B}"
EndProject
Project("{FAE04EC0-301F-11D3-BF4B-00C04F79EFBC}") = "EasySave.Localization", "EasySave.Localization\EasySave.Localization.csproj", "{1016AD73-79D2-4284-8CCE-14B68EF0CE2C}"
EndProject
Project("{FAE04EC0-301F-11D3-BF4B-00C04F79EFBC}") = "CryptoSoft", "CryptoSoft\CryptoSoft.csproj", "{6FA75A70-28E2-4D29-9DFD-4C4033470262}"
EndProject
Global
	GlobalSection(SolutionConfigurationPlatforms) = preSolution
		Debug|Any CPU = Debug|Any CPU
		Release|Any CPU = Release|Any CPU
	EndGlobalSection
	GlobalSection(ProjectConfigurationPlatforms) = postSolution
		{25EF4B65-A810-4438-8165-D95B9A129AEE}.Debug|Any CPU.ActiveCfg = Debug|Any CPU
		{25EF4B65-A810-4438-8165-D95B9A129AEE}.Debug|Any CPU.Build.0 = Debug|Any CPU
		{25EF4B65-A810-4438-8165-D95B9A129AEE}.Release|Any CPU.ActiveCfg = Release|Any CPU
		{25EF4B65-A810-4438-8165-D95B9A129AEE}.Release|Any CPU.Build.0 = Release|Any CPU
		{EC3F6571-8311-4EA6-8F32-AB52EE369EAD}.Debug|Any CPU.ActiveCfg = Debug|Any CPU
		{EC3F6571-8311-4EA6-8F32-AB52EE369EAD}.Debug|Any CPU.Build.0 = Debug|Any CPU
		{EC3F6571-8311-4EA6-8F32-AB52EE369EAD}.Release|Any CPU.ActiveCfg = Release|Any CPU
		{EC3F6571-8311-4EA6-8F32-AB52EE369EAD}.Release|Any CPU.Build.0 = Release|Any CPU
		{F24B8DC8-F658-4B24-8120-5F2C0943167B}.Debug|Any CPU.ActiveCfg = Debug|Any CPU
		{F24B8DC8-F658-4B24-8120-5F2C0943167B}.Debug|Any CPU.Build.0 = Debug|Any CPU
		{F24B8DC8-F658-4B24-8120-5F2C0943167B}.Release|Any CPU.ActiveCfg = Release|Any CPU
		{F24B8DC8-F658-4B24-8120-5F2C0943167B}.Release|Any CPU.Build.0 = Release|Any CPU
		{1016AD73-79D2-4284-8CCE-14B68EF0CE2C}.Debug|Any CPU.ActiveCfg = Debug|Any CPU
		{1016AD73-79D2-4284-8CCE-14B68EF0CE2C}.Debug|Any CPU.Build.0 = Debug|Any CPU
		{1016AD73-79D2-4284-8CCE-14B68EF0CE2C}.Release|Any CPU.ActiveCfg = Release|Any CPU
		{1016AD73-79D2-4284-8CCE-14B68EF0CE2C}.Release|Any CPU.Build.0 = Release|Any CPU
		{6FA75A70-28E2-4D29-9DFD-4C4033470262}.Debug|Any CPU.ActiveCfg = Debug|Any CPU
		{6FA75A70-28E2-4D29-9DFD-4C4033470262}.Debug|Any CPU.Build.0 = Debug|Any CPU
		{6FA75A70-28E2-4D29-9DFD-4C4033470262}.Release|Any CPU.ActiveCfg = Release|Any CPU
		{6FA75A70-28E2-4D29-9DFD-4C4033470262}.Release|Any CPU.Build.0 = Release|Any CPU
	EndGlobalSection
	GlobalSection(SolutionProperties) = preSolution
		HideSolutionNode = FALSE
	EndGlobalSection
	GlobalSection(ExtensibilityGlobals) = postSolution
		SolutionGuid = {684F9717-C882-4AD3-9CF0-E667E016404B}
	EndGlobalSection
EndGlobal
